{
    "name": "codex-task-orchestration",
    "version": "1.0.0",
    "lockfileVersion": 3,
    "requires": true,
    "packages": {
        "": {
            "name": "codex-task-orchestration",
            "version": "1.0.0",
            "dependencies": {
                "@openai/codex-sdk": "^0.105.0"
            },
            "bin": {
                "dispatch": "scripts/dispatch.mjs"
            },
            "engines": {
                "node": ">=18.0.0"
            }
        },
        "node_modules/@openai/codex": {
            "version": "0.105.0",
            "resolved": "https://registry.npmjs.org/@openai/codex/-/codex-0.105.0.tgz",
            "integrity": "sha512-enoNmQs3aOgUhsKYC6kfuKEG0AogS4q01pqcySPwf9zl2r8OcKuMUoLw1v5n4Y7sd3B6qGS7UtTABqbcT5FaMA==",
            "license": "Apache-2.0",
            "bin": {
                "codex": "bin/codex.js"
            },
            "engines": {
                "node": ">=16"
            },
            "optionalDependencies": {
                "@openai/codex-darwin-arm64": "npm:@openai/codex@0.105.0-darwin-arm64",
                "@openai/codex-darwin-x64": "npm:@openai/codex@0.105.0-darwin-x64",
                "@openai/codex-linux-arm64": "npm:@openai/codex@0.105.0-linux-arm64",
                "@openai/codex-linux-x64": "npm:@openai/codex@0.105.0-linux-x64",
                "@openai/codex-win32-arm64": "npm:@openai/codex@0.105.0-win32-arm64",
                "@openai/codex-win32-x64": "npm:@openai/codex@0.105.0-win32-x64"
            }
        },
        "node_modules/@openai/codex-darwin-arm64": {
            "name": "@openai/codex",
            "version": "0.105.0-darwin-arm64",
            "resolved": "https://registry.npmjs.org/@openai/codex/-/codex-0.105.0-darwin-arm64.tgz",
            "integrity": "sha512-9TD7pDIg8o7itmOhyEPcC2HeVnVIOxxrrbwTvnTibMj2rHPLnY8E0JaK8QOBRNiIUlqI4WKspTMUZQg5Fegndw==",
            "cpu": [
                "arm64"
            ],
            "license": "Apache-2.0",
            "optional": true,
            "os": [
                "darwin"
            ],
            "engines": {
                "node": ">=16"
            }
        },
        "node_modules/@openai/codex-darwin-x64": {
            "name": "@openai/codex",
            "version": "0.105.0-darwin-x64",
            "resolved": "https://registry.npmjs.org/@openai/codex/-/codex-0.105.0-darwin-x64.tgz",
            "integrity": "sha512-00xRV2X7RwKFRY8LB99/WmVSWqhHnMV6BB4gc5x4MMuDPDslaNrGTYWdp6KBukok1ayrg0JfwazUeAawNWU5Zw==",
            "cpu": [
                "x64"
            ],
            "license": "Apache-2.0",
            "optional": true,
            "os": [
                "darwin"
            ],
            "engines": {
                "node": ">=16"
            }
        },
        "node_modules/@openai/codex-linux-arm64": {
            "name": "@openai/codex",
            "version": "0.105.0-linux-arm64",
            "resolved": "https://registry.npmjs.org/@openai/codex/-/codex-0.105.0-linux-arm64.tgz",
            "integrity": "sha512-UFGyZhRB0Gtr31wFf0WDd//W3XGbZZ7mxYwf528i6rhlwabb3FIJKWrgv4DVXKQZCGiBujqAk0pr32PziElouA==",
            "cpu": [
                "arm64"
            ],
            "license": "Apache-2.0",
            "optional": true,
            "os": [
                "linux"
            ],
            "engines": {
                "node": ">=16"
            }
        },
        "node_modules/@openai/codex-linux-x64": {
            "name": "@openai/codex",
            "version": "0.105.0-linux-x64",
            "resolved": "https://registry.npmjs.org/@openai/codex/-/codex-0.105.0-linux-x64.tgz",
            "integrity": "sha512-cZgNzNjspqHmXNf/CraqqQrfotw5cXO7wvkSSYs2NZjZR7Ud10u5hFeumUW1sEvb5/F9tEKsjO+WCj+bVxdrYQ==",
            "cpu": [
                "x64"
            ],
            "license": "Apache-2.0",
            "optional": true,
            "os": [
                "linux"
            ],
            "engines": {
                "node": ">=16"
            }
        },
        "node_modules/@openai/codex-sdk": {
            "version": "0.105.0",
            "resolved": "https://registry.npmjs.org/@openai/codex-sdk/-/codex-sdk-0.105.0.tgz",
            "integrity": "sha512-sHq9JdcZftlybuWH5846h2bezKcMpTBX7m2AH8vpqV1+1ex7Q/Prwy64b81oMjrlWooiK+sVelZFED6ZPeLCZg==",
            "license": "Apache-2.0",
            "dependencies": {
                "@openai/codex": "0.105.0"
            },
            "engines": {
                "node": ">=18"
            }
        },
        "node_modules/@openai/codex-win32-arm64": {
            "name": "@openai/codex",
            "version": "0.105.0-win32-arm64",
            "resolved": "https://registry.npmjs.org/@openai/codex/-/codex-0.105.0-win32-arm64.tgz",
            "integrity": "sha512-OGvHTn/XAyY8889n0ZEcvUgiaPeT/rLFEFUEOzWgt5yhKiODV+zEzfruYmcvZUpzgFJ1kRQlDgKPMbW7u2r01Q==",
            "cpu": [
                "arm64"
            ],
            "license": "Apache-2.0",
            "optional": true,
            "os": [
                "win32"
            ],
            "engines": {
                "node": ">=16"
            }
        },
        "node_modules/@openai/codex-win32-x64": {
            "name": "@openai/codex",
            "version": "0.105.0-win32-x64",
            "resolved": "https://registry.npmjs.org/@openai/codex/-/codex-0.105.0-win32-x64.tgz",
            "integrity": "sha512-8V26RjFeg06i4mrrhQTKLY6lcRXsm0s1cxT3lamApLccvBBAhhAOE0je6jHb5nkrncvf9x/lee+WmY0louvvGQ==",
            "cpu": [
                "x64"
            ],
            "license": "Apache-2.0",
            "optional": true,
            "os": [
                "win32"
            ],
            "engines": {
                "node": ">=16"
            }
        }
    }
}
